version = 1
revision = 3
requires-python = ">=3.9"
resolution-markers = [
    "python_full_version >= '3.10'",
    "python_full_version < '3.10'",
]

[[package]]
name = "audio-converter"
version = "0.2.0"
source = { virtual = "." }
dependencies = [
    { name = "customtkinter" },
    { name = "frida" },
    { name = "frida-tools" },
    { name = "mutagen" },
    { name = "pycryptodome" },
    { name = "pydub" },
    { name = "tkinterdnd2" },
]

[package.metadata]
requires-dist = [
    { name = "customtkinter", specifier = ">=5.2.2" },
    { name = "frida", specifier = ">=17.9.5" },
    { name = "frida-tools", specifier = ">=14.8.2" },
    { name = "mutagen", specifier = ">=1.47.0" },
    { name = "pycryptodome", specifier = ">=3.23.0" },
    { name = "pydub", specifier = ">=0.25.1" },
    { name = "tkinterdnd2", specifier = ">=0.4.3" },
]

[[package]]
name = "colorama"
version = "0.4.6"
source = { registry = "https://pypi.org/simple" }
sdist = { url = "https://files.pythonhosted.org/packages/d8/53/6f443c9a4a8358a93a6792e2acffb9d9d5cb0a5cfd8802644b7b1c9a02e4/colorama-0.4.6.tar.gz", hash = "sha256:08695f5cb7ed6e0531a20572697297273c47b8cae5a63ffc6d6ed5c201be6e44", size = 27697, upload-time = "2022-10-25T02:36:22.414Z" }
wheels = [
    { url = "https://files.pythonhosted.org/packages/d1/d6/3965ed04c63042e047cb6a3e6ed1a63a35087b6a609aa3a15ed8ac56c221/colorama-0.4.6-py2.py3-none-any.whl", hash = "sha256:4f1d9991f5acc0ca119f9d443620b77f9d6b33703e51011c16baf57afb285fc6", size = 25335, upload-time = "2022-10-25T02:36:20.889Z" },
]

[[package]]
name = "customtkinter"
version = "5.2.2"
source = { registry = "https://pypi.org/simple" }
dependencies = [
    { name = "darkdetect" },
    { name = "packaging" },
]
sdist = { url = "https://files.pythonhosted.org/packages/cf/48/c5a9d44188c44702e1e3db493c741e9c779596835a761b819fe15431d163/customtkinter-5.2.2.tar.gz", hash = "sha256:fd8db3bafa961c982ee6030dba80b4c2e25858630756b513986db19113d8d207", size = 261999, upload-time = "2024-01-10T02:24:36.314Z" }
wheels = [
    { url = "https://files.pythonhosted.org/packages/3b/b1/b43b33001a77256b335511e75f257d001082350b8506c8807f30c98db052/customtkinter-5.2.2-py3-none-any.whl", hash = "sha256:14ad3e7cd3cb3b9eb642b9d4e8711ae80d3f79fb82545ad11258eeffb2e6b37c", size = 296062, upload-time = "2024-01-10T02:24:33.53Z" },
]

[[package]]
name = "darkdetect"
version = "0.8.0"
source = { registry = "https://pypi.org/simple" }
sdist = { url = "https://files.pythonhosted.org/packages/45/77/7575be73bf12dee231d0c6e60ce7fb7a7be4fcd58823374fc59a6e48262e/darkdetect-0.8.0.tar.gz", hash = "sha256:b5428e1170263eb5dea44c25dc3895edd75e6f52300986353cd63533fe7df8b1", size = 7681, upload-time = "2022-12-16T14:14:42.113Z" }
wheels = [
    { url = "https://files.pythonhosted.org/packages/f2/f2/728f041460f1b9739b85ee23b45fa5a505962ea11fd85bdbe2a02b021373/darkdetect-0.8.0-py3-none-any.whl", hash = "sha256:a7509ccf517eaad92b31c214f593dbcf138ea8a43b2935406bbd565e15527a85", size = 8955, upload-time = "2022-12-16T14:14:40.92Z" },
]

[[package]]
name = "frida"
version = "17.9.5"
source = { registry = "https://pypi.org/simple" }
dependencies = [
    { name = "typing-extensions", marker = "python_full_version < '3.11'" },
]
sdist = { url = "https://files.pythonhosted.org/packages/43/4a/9f96f246e4956ce89787c820aeb2a9d2432c8e2a96fd3079b1db4f0ef9e9/frida-17.9.5.tar.gz", hash = "sha256:0b8925b92a0c5d15ce26c50c2964270c665864df17246053ee6687cbceb66684", size = 927478, upload-time = "2026-05-02T20:05:58.404Z" }
wheels = [
    { url = "https://files.pythonhosted.org/packages/b9/f9/d515adedf3b6526e264d7f3107be582b3282dd18abb960f647fb26cbeb92/frida-17.9.5-cp37-abi3-macosx_10_13_x86_64.whl", hash = "sha256:20e254a8b3216e27ae6168cb05850f0011d13c196fe017f13f911041e49de5c7", size = 22878633, upload-time = "2026-05-02T20:05:19.491Z" },
    { url = "https://files.pythonhosted.org/packages/7b/7b/406c228a4b216dbe04258538636e851ac5e3dc695e23a8de857717144b52/frida-17.9.5-cp37-abi3-macosx_11_0_arm64.whl", hash = "sha256:4d5ba24c753b808c836dccd151b9ac3566812aa91962c75a778789f4aa52689e", size = 32254869, upload-time = "2026-05-02T20:05:24.595Z" },
    { url = "https://files.pythonhosted.org/packages/fa/00/463c039e83c546cbc457089be49cafa3f42e31562b0282b8db7e316af6ba/frida-17.9.5-cp37-abi3-manylinux1_i686.whl", hash = "sha256:7bf2a5e8deda966c07c91834881c4a14775f877c8c4d4dd9195a77f40fa1f7de", size = 20687912, upload-time = "2026-05-02T20:05:27.315Z" },
    { url = "https://files.pythonhosted.org/packages/89/08/b71e53a0e22cbfb3b82724a4bb996600f0be733e5f011d81ea15769aa203/frida-17.9.5-cp37-abi3-manylinux1_x86_64.whl", hash = "sha256:e697d041adaaf8a8e9e2e871e34b2e02dc9f9b27e4305df6b94e39b92c6fb685", size = 32917259, upload-time = "2026-05-02T20:05:30.028Z" },
    { url = "https://files.pythonhosted.org/packages/f0/b3/06a4ea18fcd7a5c9689097438f7c41ce92fa3c8efadc63d08d880f9e5a0e/frida-17.9.5-cp37-abi3-manylinux2014_aarch64.whl", hash = "sha256:fc90cb30fb08c1f76d41f717b838fadb795d17fb5060fb944272c6304abcbeb8", size = 21497554, upload-time = "2026-05-02T20:05:32.693Z" },
    { url = "https://files.pythonhosted.org/packages/c1/57/c1d4b1587cf7277ed3a1b2d49dfca7010137b63ef86428bd7c3a82fb695b/frida-17.9.5-cp37-abi3-manylinux2014_armv7l.whl", hash = "sha256:623013a8faf8bcde801396f0a2c303fdd1e5f9034670ea88a589008e27dc65b4", size = 19335363, upload-time = "2026-05-02T20:05:35.201Z" },
    { url = "https://files.pythonhosted.org/packages/a4/bc/98313c50260cb6bf30d7a03ab515b35e397f60c2592fc0ca46958ddcc61b/frida-17.9.5-cp37-abi3-manylinux_2_17_aarch64.whl", hash = "sha256:4fe9e0f763d6b4175c8ae0162e42fbdb0b213773075714bc1ae7056699de5436", size = 21497557, upload-time = "2026-05-02T20:05:37.552Z" },
    { url = "https://files.pythonhosted.org/packages/cb/be/8f95cae9e76c80f912fbfa5ea47c89313f73f8a3db5a0d288b34fdf5a73d/frida-17.9.5-cp37-abi3-manylinux_2_17_armv7l.whl", hash = "sha256:9849e794e0cf36bc138a07bc1941408854adc5d9343863ccd0179120ab01a7f7", size = 19335361, upload-time = "2026-05-02T20:05:40.172Z" },
    { url = "https://files.pythonhosted.org/packages/89/10/3f60a9d77d185ec443deb0ec8dc45a5a3d4276b5c3c37fa35f18cf57dcc2/frida-17.9.5-cp37-abi3-manylinux_2_5_i686.whl", hash = "sha256:9de80404a6d7a6ff489c2a7ed27bb572a95546f3107792a4365bad18923d388f", size = 20687918, upload-time = "2026-05-02T20:05:42.805Z" },
    { url = "https://files.pythonhosted.org/packages/14/46/9713e59f67af2aea1ee59942c1d654852fd255620551eddbe49b24c6f9f3/frida-17.9.5-cp37-abi3-manylinux_2_5_x86_64.whl", hash = "sha256:d42f40298b043ac6554a1c0ab0316b420cde05503d20aad8fdb2840187311ad7", size = 32917265, upload-time = "2026-05-02T20:05:45.888Z" },
    { url = "https://files.pythonhosted.org/packages/aa/f4/e841d409f9aa58b6dd4047568c2684dfbe0a5de4a8976356a86b671d4ddf/frida-17.9.5-cp37-abi3-win32.whl", hash = "sha256:a1ebe178b9e77884ca7f0edf7080717a724579a3a1d6a77cffb565a8b22c7932", size = 39316983, upload-time = "2026-05-02T20:05:48.912Z" },
    { url = "https://files.pythonhosted.org/packages/34/15/cc1651610358b157c8ce44014d14a9e48f21fe7afbcc75ef2b4799050fde/frida-17.9.5-cp37-abi3-win_amd64.whl", hash = "sha256:f4af9edf2032f4b6a8cad4d9cf85baaa8bbba5e10908bfd8c2ca11e7edf61550", size = 41961661, upload-time = "2026-05-02T20:05:52.236Z" },
    { url = "https://files.pythonhosted.org/packages/34/c5/41fe5c916e572b663127a24a4a6ffb347439fadf4912e62d9f78f18bd442/frida-17.9.5-cp37-abi3-win_arm64.whl", hash = "sha256:ec525fd173fe7849ed9c0ee0299a215f57a5682ae1e2586d3435e4c784fc80e0", size = 51848645, upload-time = "2026-05-02T20:05:55.247Z" },
]

[[package]]
name = "frida-tools"
version = "14.8.2"
source = { registry = "https://pypi.org/simple" }
dependencies = [
    { name = "colorama" },
    { name = "frida" },
    { name = "prompt-toolkit" },
    { name = "pygments" },
    { name = "websockets" },
]
sdist = { url = "https://files.pythonhosted.org/packages/10/93/c8356884133d3f00957f98dca852a9f0406e270d7612ae9cf041aea6128d/frida_tools-14.8.2.tar.gz", hash = "sha256:a9775bc305b840cc2a5510bf5e7f570dcf36a844cea7be85c28147db66789d9d", size = 4687254, upload-time = "2026-05-01T07:54:55.391Z" }

[[package]]
name = "mutagen"
version = "1.47.0"
source = { registry = "https://pypi.org/simple" }
sdist = { url = "https://files.pythonhosted.org/packages/81/e6/64bc71b74eef4b68e61eb921dcf72dabd9e4ec4af1e11891bbd312ccbb77/mutagen-1.47.0.tar.gz", hash = "sha256:719fadef0a978c31b4cf3c956261b3c58b6948b32023078a2117b1de09f0fc99", size = 1274186, upload-time = "2023-09-03T16:33:33.411Z" }
wheels = [
    { url = "https://files.pythonhosted.org/packages/b0/7a/620f945b96be1f6ee357d211d5bf74ab1b7fe72a9f1525aafbfe3aee6875/mutagen-1.47.0-py3-none-any.whl", hash = "sha256:edd96f50c5907a9539d8e5bba7245f62c9f520aef333d13392a79a4f70aca719", size = 194391, upload-time = "2023-09-03T16:33:29.955Z" },
]

[[package]]
name = "packaging"
version = "26.2"
source = { registry = "https://pypi.org/simple" }
sdist = { url = "https://files.pythonhosted.org/packages/d7/f1/e7a6dd94a8d4a5626c03e4e99c87f241ba9e350cd9e6d75123f992427270/packaging-26.2.tar.gz", hash = "sha256:ff452ff5a3e828ce110190feff1178bb1f2ea2281fa2075aadb987c2fb221661", size = 228134, upload-time = "2026-04-24T20:15:23.917Z" }
wheels = [
    { url = "https://files.pythonhosted.org/packages/df/b2/87e62e8c3e2f4b32e5fe99e0b86d576da1312593b39f47d8ceef365e95ed/packaging-26.2-py3-none-any.whl", hash = "sha256:5fc45236b9446107ff2415ce77c807cee2862cb6fac22b8a73826d0693b0980e", size = 100195, upload-time = "2026-04-24T20:15:22.081Z" },
]

[[package]]
name = "prompt-toolkit"
version = "3.0.52"
source = { registry = "https://pypi.org/simple" }
dependencies = [
    { name = "wcwidth" },
]
sdist = { url = "https://files.pythonhosted.org/packages/a1/96/06e01a7b38dce6fe1db213e061a4602dd6032a8a97ef6c1a862537732421/prompt_toolkit-3.0.52.tar.gz", hash = "sha256:28cde192929c8e7321de85de1ddbe736f1375148b02f2e17edd840042b1be855", size = 434198, upload-time = "2025-08-27T15:24:02.057Z" }
wheels = [
    { url = "https://files.pythonhosted.org/packages/84/03/0d3ce49e2505ae70cf43bc5bb3033955d2fc9f932163e84dc0779cc47f48/prompt_toolkit-3.0.52-py3-none-any.whl", hash = "sha256:9aac639a3bbd33284347de5ad8d68ecc044b91a762dc39b7c21095fcd6a19955", size = 391431, upload-time = "2025-08-27T15:23:59.498Z" },
]

[[package]]
name = "pycryptodome"
version = "3.23.0"
source = { registry = "https://pypi.org/simple" }
sdist = { url = "https://files.pythonhosted.org/packages/8e/a6/8452177684d5e906854776276ddd34eca30d1b1e15aa1ee9cefc289a33f5/pycryptodome-3.23.0.tar.gz", hash = "sha256:447700a657182d60338bab09fdb27518f8856aecd80ae4c6bdddb67ff5da44ef", size = 4921276, upload-time = "2025-05-17T17:21:45.242Z" }
wheels = [
    { url = "https://files.pythonhosted.org/packages/04/5d/bdb09489b63cd34a976cc9e2a8d938114f7a53a74d3dd4f125ffa49dce82/pycryptodome-3.23.0-cp313-cp313t-macosx_10_13_universal2.whl", hash = "sha256:0011f7f00cdb74879142011f95133274741778abba114ceca229adbf8e62c3e4", size = 2495152, upload-time = "2025-05-17T17:20:20.833Z" },
    { url = "https://files.pythonhosted.org/packages/a7/ce/7840250ed4cc0039c433cd41715536f926d6e86ce84e904068eb3244b6a6/pycryptodome-3.23.0-cp313-cp313t-macosx_10_13_x86_64.whl", hash = "sha256:90460fc9e088ce095f9ee8356722d4f10f86e5be06e2354230a9880b9c549aae", size = 1639348, upload-time = "2025-05-17T17:20:23.171Z" },
    { url = "https://files.pythonhosted.org/packages/ee/f0/991da24c55c1f688d6a3b5a11940567353f74590734ee4a64294834ae472/pycryptodome-3.23.0-cp313-cp313t-manylinux_2_17_aarch64.manylinux2014_aarch64.whl", hash = "sha256:4764e64b269fc83b00f682c47443c2e6e85b18273712b98aa43bcb77f8570477", size = 2184033, upload-time = "2025-05-17T17:20:25.424Z" },
    { url = "https://files.pythonhosted.org/packages/54/16/0e11882deddf00f68b68dd4e8e442ddc30641f31afeb2bc25588124ac8de/pycryptodome-3.23.0-cp313-cp313t-manylinux_2_17_x86_64.manylinux2014_x86_64.whl", hash = "sha256:eb8f24adb74984aa0e5d07a2368ad95276cf38051fe2dc6605cbcf482e04f2a7", size = 2270142, upload-time = "2025-05-17T17:20:27.808Z" },
    { url = "https://files.pythonhosted.org/packages/d5/fc/4347fea23a3f95ffb931f383ff28b3f7b1fe868739182cb76718c0da86a1/pycryptodome-3.23.0-cp313-cp313t-manylinux_2_5_i686.manylinux1_i686.manylinux_2_17_i686.manylinux2014_i686.whl", hash = "sha256:d97618c9c6684a97ef7637ba43bdf6663a2e2e77efe0f863cce97a76af396446", size = 2309384, upload-time = "2025-05-17T17:20:30.765Z" },
    { url = "https://files.pythonhosted.org/packages/6e/d9/c5261780b69ce66d8cfab25d2797bd6e82ba0241804694cd48be41add5eb/pycryptodome-3.23.0-cp313-cp313t-musllinux_1_2_aarch64.whl", hash = "sha256:9a53a4fe5cb075075d515797d6ce2f56772ea7e6a1e5e4b96cf78a14bac3d265", size = 2183237, upload-time = "2025-05-17T17:20:33.736Z" },
    { url = "https://files.pythonhosted.org/packages/5a/6f/3af2ffedd5cfa08c631f89452c6648c4d779e7772dfc388c77c920ca6bbf/pycryptodome-3.23.0-cp313-cp313t-musllinux_1_2_i686.whl", hash = "sha256:763d1d74f56f031788e5d307029caef067febf890cd1f8bf61183ae142f1a77b", size = 2343898, upload-time = "2025-05-17T17:20:36.086Z" },
    { url = "https://files.pythonhosted.org/packages/9a/dc/9060d807039ee5de6e2f260f72f3d70ac213993a804f5e67e0a73a56dd2f/pycryptodome-3.23.0-cp313-cp313t-musllinux_1_2_x86_64.whl", hash = "sha256:954af0e2bd7cea83ce72243b14e4fb518b18f0c1649b576d114973e2073b273d", size = 2269197, upload-time = "2025-05-17T17:20:38.414Z" },
    { url = "https://files.pythonhosted.org/packages/f9/34/e6c8ca177cb29dcc4967fef73f5de445912f93bd0343c9c33c8e5bf8cde8/pycryptodome-3.23.0-cp313-cp313t-win32.whl", hash = "sha256:257bb3572c63ad8ba40b89f6fc9d63a2a628e9f9708d31ee26560925ebe0210a", size = 1768600, upload-time = "2025-05-17T17:20:40.688Z" },
    { url = "https://files.pythonhosted.org/packages/e4/1d/89756b8d7ff623ad0160f4539da571d1f594d21ee6d68be130a6eccb39a4/pycryptodome-3.23.0-cp313-cp313t-win_amd64.whl", hash = "sha256:6501790c5b62a29fcb227bd6b62012181d886a767ce9ed03b303d1f22eb5c625", size = 1799740, upload-time = "2025-05-17T17:20:42.413Z" },
    { url = "https://files.pythonhosted.org/packages/5d/61/35a64f0feaea9fd07f0d91209e7be91726eb48c0f1bfc6720647194071e4/pycryptodome-3.23.0-cp313-cp313t-win_arm64.whl", hash = "sha256:9a77627a330ab23ca43b48b130e202582e91cc69619947840ea4d2d1be21eb39", size = 1703685, upload-time = "2025-05-17T17:20:44.388Z" },
    { url = "https://files.pythonhosted.org/packages/db/6c/a1f71542c969912bb0e106f64f60a56cc1f0fabecf9396f45accbe63fa68/pycryptodome-3.23.0-cp37-abi3-macosx_10_9_universal2.whl", hash = "sha256:187058ab80b3281b1de11c2e6842a357a1f71b42cb1e15bce373f3d238135c27", size = 2495627, upload-time = "2025-05-17T17:20:47.139Z" },
    { url = "https://files.pythonhosted.org/packages/6e/4e/a066527e079fc5002390c8acdd3aca431e6ea0a50ffd7201551175b47323/pycryptodome-3.23.0-cp37-abi3-macosx_10_9_x86_64.whl", hash = "sha256:cfb5cd445280c5b0a4e6187a7ce8de5a07b5f3f897f235caa11f1f435f182843", size = 1640362, upload-time = "2025-05-17T17:20:50.392Z" },
    { url = "https://files.pythonhosted.org/packages/50/52/adaf4c8c100a8c49d2bd058e5b551f73dfd8cb89eb4911e25a0c469b6b4e/pycryptodome-3.23.0-cp37-abi3-manylinux_2_17_aarch64.manylinux2014_aarch64.whl", hash = "sha256:67bd81fcbe34f43ad9422ee8fd4843c8e7198dd88dd3d40e6de42ee65fbe1490", size = 2182625, upload-time = "2025-05-17T17:20:52.866Z" },
    { url = "https://files.pythonhosted.org/packages/5f/e9/a09476d436d0ff1402ac3867d933c61805ec2326c6ea557aeeac3825604e/pycryptodome-3.23.0-cp37-abi3-manylinux_2_17_x86_64.manylinux2014_x86_64.whl", hash = "sha256:c8987bd3307a39bc03df5c8e0e3d8be0c4c3518b7f044b0f4c15d1aa78f52575", size = 2268954, upload-time = "2025-05-17T17:20:55.027Z" },
    { url = "https://files.pythonhosted.org/packages/f9/c5/ffe6474e0c551d54cab931918127c46d70cab8f114e0c2b5a3c071c2f484/pycryptodome-3.23.0-cp37-abi3-manylinux_2_5_i686.manylinux1_i686.manylinux_2_17_i686.manylinux2014_i686.whl", hash = "sha256:aa0698f65e5b570426fc31b8162ed4603b0c2841cbb9088e2b01641e3065915b", size = 2308534, upload-time = "2025-05-17T17:20:57.279Z" },
    { url = "https://files.pythonhosted.org/packages/18/28/e199677fc15ecf43010f2463fde4c1a53015d1fe95fb03bca2890836603a/pycryptodome-3.23.0-cp37-abi3-musllinux_1_2_aarch64.whl", hash = "sha256:53ecbafc2b55353edcebd64bf5da94a2a2cdf5090a6915bcca6eca6cc452585a", size = 2181853, upload-time = "2025-05-17T17:20:59.322Z" },
    { url = "https://files.pythonhosted.org/packages/ce/ea/4fdb09f2165ce1365c9eaefef36625583371ee514db58dc9b65d3a255c4c/pycryptodome-3.23.0-cp37-abi3-musllinux_1_2_i686.whl", hash = "sha256:156df9667ad9f2ad26255926524e1c136d6664b741547deb0a86a9acf5ea631f", size = 2342465, upload-time = "2025-05-17T17:21:03.83Z" },
    { url = "https://files.pythonhosted.org/packages/22/82/6edc3fc42fe9284aead511394bac167693fb2b0e0395b28b8bedaa07ef04/pycryptodome-3.23.0-cp37-abi3-musllinux_1_2_x86_64.whl", hash = "sha256:dea827b4d55ee390dc89b2afe5927d4308a8b538ae91d9c6f7a5090f397af1aa", size = 2267414, upload-time = "2025-05-17T17:21:06.72Z" },
    { url = "https://files.pythonhosted.org/packages/59/fe/aae679b64363eb78326c7fdc9d06ec3de18bac68be4b612fc1fe8902693c/pycryptodome-3.23.0-cp37-abi3-win32.whl", hash = "sha256:507dbead45474b62b2bbe318eb1c4c8ee641077532067fec9c1aa82c31f84886", size = 1768484, upload-time = "2025-05-17T17:21:08.535Z" },
    { url = "https://files.pythonhosted.org/packages/54/2f/e97a1b8294db0daaa87012c24a7bb714147c7ade7656973fd6c736b484ff/pycryptodome-3.23.0-cp37-abi3-win_amd64.whl", hash = "sha256:c75b52aacc6c0c260f204cbdd834f76edc9fb0d8e0da9fbf8352ef58202564e2", size = 1799636, upload-time = "2025-05-17T17:21:10.393Z" },
    { url = "https://files.pythonhosted.org/packages/18/3d/f9441a0d798bf2b1e645adc3265e55706aead1255ccdad3856dbdcffec14/pycryptodome-3.23.0-cp37-abi3-win_arm64.whl", hash = "sha256:11eeeb6917903876f134b56ba11abe95c0b0fd5e3330def218083c7d98bbcb3c", size = 1703675, upload-time = "2025-05-17T17:21:13.146Z" },
    { url = "https://files.pythonhosted.org/packages/d9/12/e33935a0709c07de084d7d58d330ec3f4daf7910a18e77937affdb728452/pycryptodome-3.23.0-pp310-pypy310_pp73-macosx_10_15_x86_64.whl", hash = "sha256:ddb95b49df036ddd264a0ad246d1be5b672000f12d6961ea2c267083a5e19379", size = 1623886, upload-time = "2025-05-17T17:21:20.614Z" },
    { url = "https://files.pythonhosted.org/packages/22/0b/aa8f9419f25870889bebf0b26b223c6986652bdf071f000623df11212c90/pycryptodome-3.23.0-pp310-pypy310_pp73-manylinux_2_17_aarch64.manylinux2014_aarch64.whl", hash = "sha256:d8e95564beb8782abfd9e431c974e14563a794a4944c29d6d3b7b5ea042110b4", size = 1672151, upload-time = "2025-05-17T17:21:22.666Z" },
    { url = "https://files.pythonhosted.org/packages/d4/5e/63f5cbde2342b7f70a39e591dbe75d9809d6338ce0b07c10406f1a140cdc/pycryptodome-3.23.0-pp310-pypy310_pp73-manylinux_2_17_x86_64.manylinux2014_x86_64.whl", hash = "sha256:14e15c081e912c4b0d75632acd8382dfce45b258667aa3c67caf7a4d4c13f630", size = 1664461, upload-time = "2025-05-17T17:21:25.225Z" },
    { url = "https://files.pythonhosted.org/packages/d6/92/608fbdad566ebe499297a86aae5f2a5263818ceeecd16733006f1600403c/pycryptodome-3.23.0-pp310-pypy310_pp73-manylinux_2_5_i686.manylinux1_i686.manylinux_2_17_i686.manylinux2014_i686.whl", hash = "sha256:a7fc76bf273353dc7e5207d172b83f569540fc9a28d63171061c42e361d22353", size = 1702440, upload-time = "2025-05-17T17:21:27.991Z" },
    { url = "https://files.pythonhosted.org/packages/d1/92/2eadd1341abd2989cce2e2740b4423608ee2014acb8110438244ee97d7ff/pycryptodome-3.23.0-pp310-pypy310_pp73-win_amd64.whl", hash = "sha256:45c69ad715ca1a94f778215a11e66b7ff989d792a4d63b68dc586a1da1392ff5", size = 1803005, upload-time = "2025-05-17T17:21:31.37Z" },
    { url = "https://files.pythonhosted.org/packages/dc/c4/6925ad41576d3e84f03aaf9a0411667af861f9fa2c87553c7dd5bde01518/pycryptodome-3.23.0-pp39-pypy39_pp73-macosx_10_15_x86_64.whl", hash = "sha256:865d83c906b0fc6a59b510deceee656b6bc1c4fa0d82176e2b77e97a420a996a", size = 1623768, upload-time = "2025-05-17T17:21:33.418Z" },
    { url = "https://files.pythonhosted.org/packages/a8/14/d6c6a3098ddf2624068f041c5639be5092ad4ae1a411842369fd56765994/pycryptodome-3.23.0-pp39-pypy39_pp73-manylinux_2_17_aarch64.manylinux2014_aarch64.whl", hash = "sha256:89d4d56153efc4d81defe8b65fd0821ef8b2d5ddf8ed19df31ba2f00872b8002", size = 1672070, upload-time = "2025-05-17T17:21:35.565Z" },
    { url = "https://files.pythonhosted.org/packages/20/89/5d29c8f178fea7c92fd20d22f9ddd532a5e3ac71c574d555d2362aaa832a/pycryptodome-3.23.0-pp39-pypy39_pp73-manylinux_2_17_x86_64.manylinux2014_x86_64.whl", hash = "sha256:e3f2d0aaf8080bda0587d58fc9fe4766e012441e2eed4269a77de6aea981c8be", size = 1664359, upload-time = "2025-05-17T17:21:37.551Z" },
    { url = "https://files.pythonhosted.org/packages/38/bc/a287d41b4421ad50eafb02313137d0276d6aeffab90a91e2b08f64140852/pycryptodome-3.23.0-pp39-pypy39_pp73-manylinux_2_5_i686.manylinux1_i686.manylinux_2_17_i686.manylinux2014_i686.whl", hash = "sha256:64093fc334c1eccfd3933c134c4457c34eaca235eeae49d69449dc4728079339", size = 1702359, upload-time = "2025-05-17T17:21:39.827Z" },
    { url = "https://files.pythonhosted.org/packages/2b/62/2392b7879f4d2c1bfa20815720b89d464687877851716936b9609959c201/pycryptodome-3.23.0-pp39-pypy39_pp73-win_amd64.whl", hash = "sha256:ce64e84a962b63a47a592690bdc16a7eaf709d2c2697ababf24a0def566899a6", size = 1802461, upload-time = "2025-05-17T17:21:41.722Z" },
]

[[package]]
name = "pydub"
version = "0.25.1"
source = { registry = "https://pypi.org/simple" }
sdist = { url = "https://files.pythonhosted.org/packages/fe/9a/e6bca0eed82db26562c73b5076539a4a08d3cffd19c3cc5913a3e61145fd/pydub-0.25.1.tar.gz", hash = "sha256:980a33ce9949cab2a569606b65674d748ecbca4f0796887fd6f46173a7b0d30f", size = 38326, upload-time = "2021-03-10T02:09:54.659Z" }
wheels = [
    { url = "https://files.pythonhosted.org/packages/a6/53/d78dc063216e62fc55f6b2eebb447f6a4b0a59f55c8406376f76bf959b08/pydub-0.25.1-py2.py3-none-any.whl", hash = "sha256:65617e33033874b59d87db603aa1ed450633288aefead953b30bded59cb599a6", size = 32327, upload-time = "2021-03-10T02:09:53.503Z" },
]

[[package]]
name = "pygments"
version = "2.20.0"
source = { registry = "https://pypi.org/simple" }
sdist = { url = "https://files.pythonhosted.org/packages/c3/b2/bc9c9196916376152d655522fdcebac55e66de6603a76a02bca1b6414f6c/pygments-2.20.0.tar.gz", hash = "sha256:6757cd03768053ff99f3039c1a36d6c0aa0b263438fcab17520b30a303a82b5f", size = 4955991, upload-time = "2026-03-29T13:29:33.898Z" }
wheels = [
    { url = "https://files.pythonhosted.org/packages/f4/7e/a72dd26f3b0f4f2bf1dd8923c85f7ceb43172af56d63c7383eb62b332364/pygments-2.20.0-py3-none-any.whl", hash = "sha256:81a9e26dd42fd28a23a2d169d86d7ac03b46e2f8b59ed4698fb4785f946d0176", size = 1231151, upload-time = "2026-03-29T13:29:30.038Z" },
]

[[package]]
name = "tkinterdnd2"
version = "0.4.3"
source = { registry = "https://pypi.org/simple" }
sdist = { url = "https://files.pythonhosted.org/packages/6e/2a/9d50ee58c7a60bf0c8d4bd8030b4afc29c8bf60158f95dbc89e8081d29d2/tkinterdnd2-0.4.3.tar.gz", hash = "sha256:03a932a11b42ab139c4552b414aa10ee8a087b8386b52baca8c62939760c2ef2", size = 444595, upload-time = "2025-02-28T12:55:50.861Z" }
wheels = [
    { url = "https://files.pythonhosted.org/packages/08/c3/e04f004a53c00dc01126b6f998264cef672c6883c36aa4bd65845a8eb4c0/tkinterdnd2-0.4.3-py3-none-any.whl", hash = "sha256:8804f5d2e2a99713ec93e85384397fec6bf66fdf2065e3750938d55018971c4a", size = 493006, upload-time = "2025-02-28T12:55:47.501Z" },
]

[[package]]
name = "typing-extensions"
version = "4.15.0"
source = { registry = "https://pypi.org/simple" }
sdist = { url = "https://files.pythonhosted.org/packages/72/94/1a15dd82efb362ac84269196e94cf00f187f7ed21c242792a923cdb1c61f/typing_extensions-4.15.0.tar.gz", hash = "sha256:0cea48d173cc12fa28ecabc3b837ea3cf6f38c6d1136f85cbaaf598984861466", size = 109391, upload-time = "2025-08-25T13:49:26.313Z" }
wheels = [
    { url = "https://files.pythonhosted.org/packages/18/67/36e9267722cc04a6b9f15c7f3441c2363321a3ea07da7ae0c0707beb2a9c/typing_extensions-4.15.0-py3-none-any.whl", hash = "sha256:f0fa19c6845758ab08074a0cfa8b7aecb71c999ca73d62883bc25cc018c4e548", size = 44614, upload-time = "2025-08-25T13:49:24.86Z" },
]

[[package]]
name = "wcwidth"
version = "0.7.0"
source = { registry = "https://pypi.org/simple" }
sdist = { url = "https://files.pythonhosted.org/packages/2c/ee/afaf0f85a9a18fe47a67f1e4422ed6cf1fe642f0ae0a2f81166231303c52/wcwidth-0.7.0.tar.gz", hash = "sha256:90e3a7ea092341c44b99562e75d09e4d5160fe7a3974c6fb842a101a95e7eed0", size = 182132, upload-time = "2026-05-02T16:04:12.653Z" }
wheels = [
    { url = "https://files.pythonhosted.org/packages/41/52/e465037f5375f43533d1a80b6923955201596a99142ed524d77b571a1418/wcwidth-0.7.0-py3-none-any.whl", hash = "sha256:5d69154c429a82910e241c738cd0e2976fac8a2dd47a1a805f4afed1c0f136f2", size = 110825, upload-time = "2026-05-02T16:04:11.033Z" },
]

[[package]]
name = "websockets"
version = "13.1"
source = { registry = "https://pypi.org/simple" }
sdist = { url = "https://files.pythonhosted.org/packages/e2/73/9223dbc7be3dcaf2a7bbf756c351ec8da04b1fa573edaf545b95f6b0c7fd/websockets-13.1.tar.gz", hash = "sha256:a3b3366087c1bc0a2795111edcadddb8b3b59509d5db5d7ea3fdd69f954a8878", size = 158549, upload-time = "2024-09-21T17:34:21.54Z" }
wheels = [
    { url = "https://files.pythonhosted.org/packages/0a/94/d15dbfc6a5eb636dbc754303fba18208f2e88cf97e733e1d64fb9cb5c89e/websockets-13.1-cp310-cp310-macosx_10_9_universal2.whl", hash = "sha256:f48c749857f8fb598fb890a75f540e3221d0976ed0bf879cf3c7eef34151acee", size = 157815, upload-time = "2024-09-21T17:32:27.107Z" },
    { url = "https://files.pythonhosted.org/packages/30/02/c04af33f4663945a26f5e8cf561eb140c35452b50af47a83c3fbcfe62ae1/websockets-13.1-cp310-cp310-macosx_10_9_x86_64.whl", hash = "sha256:c7e72ce6bda6fb9409cc1e8164dd41d7c91466fb599eb047cfda72fe758a34a7", size = 155466, upload-time = "2024-09-21T17:32:28.428Z" },
    { url = "https://files.pythonhosted.org/packages/35/e8/719f08d12303ea643655e52d9e9851b2dadbb1991d4926d9ce8862efa2f5/websockets-13.1-cp310-cp310-macosx_11_0_arm64.whl", hash = "sha256:f779498eeec470295a2b1a5d97aa1bc9814ecd25e1eb637bd9d1c73a327387f6", size = 155716, upload-time = "2024-09-21T17:32:29.905Z" },
    { url = "https://files.pythonhosted.org/packages/91/e1/14963ae0252a8925f7434065d25dcd4701d5e281a0b4b460a3b5963d2594/websockets-13.1-cp310-cp310-manylinux_2_17_aarch64.manylinux2014_aarch64.whl", hash = "sha256:4676df3fe46956fbb0437d8800cd5f2b6d41143b6e7e842e60554398432cf29b", size = 164806, upload-time = "2024-09-21T17:32:31.384Z" },
    { url = "https://files.pythonhosted.org/packages/ec/fa/ab28441bae5e682a0f7ddf3d03440c0c352f930da419301f4a717f675ef3/websockets-13.1-cp310-cp310-manylinux_2_5_i686.manylinux1_i686.manylinux_2_17_i686.manylinux2014_i686.whl", hash = "sha256:a7affedeb43a70351bb811dadf49493c9cfd1ed94c9c70095fd177e9cc1541fa", size = 163810, upload-time = "2024-09-21T17:32:32.384Z" },
    { url = "https://files.pythonhosted.org/packages/44/77/dea187bd9d16d4b91566a2832be31f99a40d0f5bfa55eeb638eb2c3bc33d/websockets-13.1-cp310-cp310-manylinux_2_5_x86_64.manylinux1_x86_64.manylinux_2_17_x86_64.manylinux2014_x86_64.whl", hash = "sha256:1971e62d2caa443e57588e1d82d15f663b29ff9dfe7446d9964a4b6f12c1e700", size = 164125, upload-time = "2024-09-21T17:32:33.398Z" },
    { url = "https://files.pythonhosted.org/packages/cf/d9/3af14544e83f1437eb684b399e6ba0fa769438e869bf5d83d74bc197fae8/websockets-13.1-cp310-cp310-musllinux_1_2_aarch64.whl", hash = "sha256:5f2e75431f8dc4a47f31565a6e1355fb4f2ecaa99d6b89737527ea917066e26c", size = 164532, upload-time = "2024-09-21T17:32:35.109Z" },
    { url = "https://files.pythonhosted.org/packages/1c/8a/6d332eabe7d59dfefe4b8ba6f46c8c5fabb15b71c8a8bc3d2b65de19a7b6/websockets-13.1-cp310-cp310-musllinux_1_2_i686.whl", hash = "sha256:58cf7e75dbf7e566088b07e36ea2e3e2bd5676e22216e4cad108d4df4a7402a0", size = 163948, upload-time = "2024-09-21T17:32:36.214Z" },
    { url = "https://files.pythonhosted.org/packages/1a/91/a0aeadbaf3017467a1ee03f8fb67accdae233fe2d5ad4b038c0a84e357b0/websockets-13.1-cp310-cp310-musllinux_1_2_x86_64.whl", hash = "sha256:c90d6dec6be2c7d03378a574de87af9b1efea77d0c52a8301dd831ece938452f", size = 163898, upload-time = "2024-09-21T17:32:37.277Z" },
    { url = "https://files.pythonhosted.org/packages/71/31/a90fb47c63e0ae605be914b0b969d7c6e6ffe2038cd744798e4b3fbce53b/websockets-13.1-cp310-cp310-win32.whl", hash = "sha256:730f42125ccb14602f455155084f978bd9e8e57e89b569b4d7f0f0c17a448ffe", size = 158706, upload-time = "2024-09-21T17:32:38.755Z" },
    { url = "https://files.pythonhosted.org/packages/93/ca/9540a9ba80da04dc7f36d790c30cae4252589dbd52ccdc92e75b0be22437/websockets-13.1-cp310-cp310-win_amd64.whl", hash = "sha256:5993260f483d05a9737073be197371940c01b257cc45ae3f1d5d7adb371b266a", size = 159141, upload-time = "2024-09-21T17:32:40.495Z" },
    { url = "https://files.pythonhosted.org/packages/b2/f0/cf0b8a30d86b49e267ac84addbebbc7a48a6e7bb7c19db80f62411452311/websockets-13.1-cp311-cp311-macosx_10_9_universal2.whl", hash = "sha256:61fc0dfcda609cda0fc9fe7977694c0c59cf9d749fbb17f4e9483929e3c48a19", size = 157813, upload-time = "2024-09-21T17:32:42.188Z" },
    { url = "https://files.pythonhosted.org/packages/bf/e7/22285852502e33071a8cf0ac814f8988480ec6db4754e067b8b9d0e92498/websockets-13.1-cp311-cp311-macosx_10_9_x86_64.whl", hash = "sha256:ceec59f59d092c5007e815def4ebb80c2de330e9588e101cf8bd94c143ec78a5", size = 155469, upload-time = "2024-09-21T17:32:43.858Z" },
    { url = "https://files.pythonhosted.org/packages/68/d4/c8c7c1e5b40ee03c5cc235955b0fb1ec90e7e37685a5f69229ad4708dcde/websockets-13.1-cp311-cp311-macosx_11_0_arm64.whl", hash = "sha256:c1dca61c6db1166c48b95198c0b7d9c990b30c756fc2923cc66f68d17dc558fd", size = 155717, upload-time = "2024-09-21T17:32:44.914Z" },
    { url = "https://files.pythonhosted.org/packages/c9/e4/c50999b9b848b1332b07c7fd8886179ac395cb766fda62725d1539e7bc6c/websockets-13.1-cp311-cp311-manylinux_2_17_aarch64.manylinux2014_aarch64.whl", hash = "sha256:308e20f22c2c77f3f39caca508e765f8725020b84aa963474e18c59accbf4c02", size = 165379, upload-time = "2024-09-21T17:32:45.933Z" },
    { url = "https://files.pythonhosted.org/packages/bc/49/4a4ad8c072f18fd79ab127650e47b160571aacfc30b110ee305ba25fffc9/websockets-13.1-cp311-cp311-manylinux_2_5_i686.manylinux1_i686.manylinux_2_17_i686.manylinux2014_i686.whl", hash = "sha256:62d516c325e6540e8a57b94abefc3459d7dab8ce52ac75c96cad5549e187e3a7", size = 164376, upload-time = "2024-09-21T17:32:46.987Z" },
    { url = "https://files.pythonhosted.org/packages/af/9b/8c06d425a1d5a74fd764dd793edd02be18cf6fc3b1ccd1f29244ba132dc0/websockets-13.1-cp311-cp311-manylinux_2_5_x86_64.manylinux1_x86_64.manylinux_2_17_x86_64.manylinux2014_x86_64.whl", hash = "sha256:87c6e35319b46b99e168eb98472d6c7d8634ee37750d7693656dc766395df096", size = 164753, upload-time = "2024-09-21T17:32:48.046Z" },
    { url = "https://files.pythonhosted.org/packages/d5/5b/0acb5815095ff800b579ffc38b13ab1b915b317915023748812d24e0c1ac/websockets-13.1-cp311-cp311-musllinux_1_2_aarch64.whl", hash = "sha256:5f9fee94ebafbc3117c30be1844ed01a3b177bb6e39088bc6b2fa1dc15572084", size = 165051, upload-time = "2024-09-21T17:32:49.271Z" },
    { url = "https://files.pythonhosted.org/packages/30/93/c3891c20114eacb1af09dedfcc620c65c397f4fd80a7009cd12d9457f7f5/websockets-13.1-cp311-cp311-musllinux_1_2_i686.whl", hash = "sha256:7c1e90228c2f5cdde263253fa5db63e6653f1c00e7ec64108065a0b9713fa1b3", size = 164489, upload-time = "2024-09-21T17:32:50.392Z" },
    { url = "https://files.pythonhosted.org/packages/28/09/af9e19885539759efa2e2cd29b8b3f9eecef7ecefea40d46612f12138b36/websockets-13.1-cp311-cp311-musllinux_1_2_x86_64.whl", hash = "sha256:6548f29b0e401eea2b967b2fdc1c7c7b5ebb3eeb470ed23a54cd45ef078a0db9", size = 164438, upload-time = "2024-09-21T17:32:52.223Z" },
    { url = "https://files.pythonhosted.org/packages/b6/08/6f38b8e625b3d93de731f1d248cc1493327f16cb45b9645b3e791782cff0/websockets-13.1-cp311-cp311-win32.whl", hash = "sha256:c11d4d16e133f6df8916cc5b7e3e96ee4c44c936717d684a94f48f82edb7c92f", size = 158710, upload-time = "2024-09-21T17:32:53.244Z" },
    { url = "https://files.pythonhosted.org/packages/fb/39/ec8832ecb9bb04a8d318149005ed8cee0ba4e0205835da99e0aa497a091f/websockets-13.1-cp311-cp311-win_amd64.whl", hash = "sha256:d04f13a1d75cb2b8382bdc16ae6fa58c97337253826dfe136195b7f89f661557", size = 159137, upload-time = "2024-09-21T17:32:54.721Z" },
    { url = "https://files.pythonhosted.org/packages/df/46/c426282f543b3c0296cf964aa5a7bb17e984f58dde23460c3d39b3148fcf/websockets-13.1-cp312-cp312-macosx_10_9_universal2.whl", hash = "sha256:9d75baf00138f80b48f1eac72ad1535aac0b6461265a0bcad391fc5aba875cfc", size = 157821, upload-time = "2024-09-21T17:32:56.442Z" },
    { url = "https://files.pythonhosted.org/packages/aa/85/22529867010baac258da7c45848f9415e6cf37fef00a43856627806ffd04/websockets-13.1-cp312-cp312-macosx_10_9_x86_64.whl", hash = "sha256:9b6f347deb3dcfbfde1c20baa21c2ac0751afaa73e64e5b693bb2b848efeaa49", size = 155480, upload-time = "2024-09-21T17:32:57.698Z" },
    { url = "https://files.pythonhosted.org/packages/29/2c/bdb339bfbde0119a6e84af43ebf6275278698a2241c2719afc0d8b0bdbf2/websockets-13.1-cp312-cp312-macosx_11_0_arm64.whl", hash = "sha256:de58647e3f9c42f13f90ac7e5f58900c80a39019848c5547bc691693098ae1bd", size = 155715, upload-time = "2024-09-21T17:32:59.429Z" },
    { url = "https://files.pythonhosted.org/packages/9f/d0/8612029ea04c5c22bf7af2fd3d63876c4eaeef9b97e86c11972a43aa0e6c/websockets-13.1-cp312-cp312-manylinux_2_17_aarch64.manylinux2014_aarch64.whl", hash = "sha256:a1b54689e38d1279a51d11e3467dd2f3a50f5f2e879012ce8f2d6943f00e83f0", size = 165647, upload-time = "2024-09-21T17:33:00.495Z" },
    { url = "https://files.pythonhosted.org/packages/56/04/1681ed516fa19ca9083f26d3f3a302257e0911ba75009533ed60fbb7b8d1/websockets-13.1-cp312-cp312-manylinux_2_5_i686.manylinux1_i686.manylinux_2_17_i686.manylinux2014_i686.whl", hash = "sha256:cf1781ef73c073e6b0f90af841aaf98501f975d306bbf6221683dd594ccc52b6", size = 164592, upload-time = "2024-09-21T17:33:02.223Z" },
    { url = "https://files.pythonhosted.org/packages/38/6f/a96417a49c0ed132bb6087e8e39a37db851c70974f5c724a4b2a70066996/websockets-13.1-cp312-cp312-manylinux_2_5_x86_64.manylinux1_x86_64.manylinux_2_17_x86_64.manylinux2014_x86_64.whl", hash = "sha256:8d23b88b9388ed85c6faf0e74d8dec4f4d3baf3ecf20a65a47b836d56260d4b9", size = 165012, upload-time = "2024-09-21T17:33:03.288Z" },
    { url = "https://files.pythonhosted.org/packages/40/8b/fccf294919a1b37d190e86042e1a907b8f66cff2b61e9befdbce03783e25/websockets-13.1-cp312-cp312-musllinux_1_2_aarch64.whl", hash = "sha256:3c78383585f47ccb0fcf186dcb8a43f5438bd7d8f47d69e0b56f71bf431a0a68", size = 165311, upload-time = "2024-09-21T17:33:04.728Z" },
    { url = "https://files.pythonhosted.org/packages/c1/61/f8615cf7ce5fe538476ab6b4defff52beb7262ff8a73d5ef386322d9761d/websockets-13.1-cp312-cp312-musllinux_1_2_i686.whl", hash = "sha256:d6d300f8ec35c24025ceb9b9019ae9040c1ab2f01cddc2bcc0b518af31c75c14", size = 164692, upload-time = "2024-09-21T17:33:05.829Z" },
    { url = "https://files.pythonhosted.org/packages/5c/f1/a29dd6046d3a722d26f182b783a7997d25298873a14028c4760347974ea3/websockets-13.1-cp312-cp312-musllinux_1_2_x86_64.whl", hash = "sha256:a9dcaf8b0cc72a392760bb8755922c03e17a5a54e08cca58e8b74f6902b433cf", size = 164686, upload-time = "2024-09-21T17:33:06.823Z" },
    { url = "https://files.pythonhosted.org/packages/0f/99/ab1cdb282f7e595391226f03f9b498f52109d25a2ba03832e21614967dfa/websockets-13.1-cp312-cp312-win32.whl", hash = "sha256:2f85cf4f2a1ba8f602298a853cec8526c2ca42a9a4b947ec236eaedb8f2dc80c", size = 158712, upload-time = "2024-09-21T17:33:07.877Z" },
    { url = "https://files.pythonhosted.org/packages/46/93/e19160db48b5581feac8468330aa11b7292880a94a37d7030478596cc14e/websockets-13.1-cp312-cp312-win_amd64.whl", hash = "sha256:38377f8b0cdeee97c552d20cf1865695fcd56aba155ad1b4ca8779a5b6ef4ac3", size = 159145, upload-time = "2024-09-21T17:33:09.202Z" },
    { url = "https://files.pythonhosted.org/packages/51/20/2b99ca918e1cbd33c53db2cace5f0c0cd8296fc77558e1908799c712e1cd/websockets-13.1-cp313-cp313-macosx_10_13_universal2.whl", hash = "sha256:a9ab1e71d3d2e54a0aa646ab6d4eebfaa5f416fe78dfe4da2839525dc5d765c6", size = 157828, upload-time = "2024-09-21T17:33:10.987Z" },
    { url = "https://files.pythonhosted.org/packages/b8/47/0932a71d3d9c0e9483174f60713c84cee58d62839a143f21a2bcdbd2d205/websockets-13.1-cp313-cp313-macosx_10_13_x86_64.whl", hash = "sha256:b9d7439d7fab4dce00570bb906875734df13d9faa4b48e261c440a5fec6d9708", size = 155487, upload-time = "2024-09-21T17:33:12.153Z" },
    { url = "https://files.pythonhosted.org/packages/a9/60/f1711eb59ac7a6c5e98e5637fef5302f45b6f76a2c9d64fd83bbb341377a/websockets-13.1-cp313-cp313-macosx_11_0_arm64.whl", hash = "sha256:327b74e915cf13c5931334c61e1a41040e365d380f812513a255aa804b183418", size = 155721, upload-time = "2024-09-21T17:33:13.909Z" },
    { url = "https://files.pythonhosted.org/packages/6a/e6/ba9a8db7f9d9b0e5f829cf626ff32677f39824968317223605a6b419d445/websockets-13.1-cp313-cp313-manylinux_2_17_aarch64.manylinux2014_aarch64.whl", hash = "sha256:325b1ccdbf5e5725fdcb1b0e9ad4d2545056479d0eee392c291c1bf76206435a", size = 165609, upload-time = "2024-09-21T17:33:14.967Z" },
    { url = "https://files.pythonhosted.org/packages/c1/22/4ec80f1b9c27a0aebd84ccd857252eda8418ab9681eb571b37ca4c5e1305/websockets-13.1-cp313-cp313-manylinux_2_5_i686.manylinux1_i686.manylinux_2_17_i686.manylinux2014_i686.whl", hash = "sha256:346bee67a65f189e0e33f520f253d5147ab76ae42493804319b5716e46dddf0f", size = 164556, upload-time = "2024-09-21T17:33:17.113Z" },
    { url = "https://files.pythonhosted.org/packages/27/ac/35f423cb6bb15600438db80755609d27eda36d4c0b3c9d745ea12766c45e/websockets-13.1-cp313-cp313-manylinux_2_5_x86_64.manylinux1_x86_64.manylinux_2_17_x86_64.manylinux2014_x86_64.whl", hash = "sha256:91a0fa841646320ec0d3accdff5b757b06e2e5c86ba32af2e0815c96c7a603c5", size = 164993, upload-time = "2024-09-21T17:33:18.168Z" },
    { url = "https://files.pythonhosted.org/packages/31/4e/98db4fd267f8be9e52e86b6ee4e9aa7c42b83452ea0ea0672f176224b977/websockets-13.1-cp313-cp313-musllinux_1_2_aarch64.whl", hash = "sha256:18503d2c5f3943e93819238bf20df71982d193f73dcecd26c94514f417f6b135", size = 165360, upload-time = "2024-09-21T17:33:19.233Z" },
    { url = "https://files.pythonhosted.org/packages/3f/15/3f0de7cda70ffc94b7e7024544072bc5b26e2c1eb36545291abb755d8cdb/websockets-13.1-cp313-cp313-musllinux_1_2_i686.whl", hash = "sha256:a9cd1af7e18e5221d2878378fbc287a14cd527fdd5939ed56a18df8a31136bb2", size = 164745, upload-time = "2024-09-21T17:33:20.361Z" },
    { url = "https://files.pythonhosted.org/packages/a1/6e/66b6b756aebbd680b934c8bdbb6dcb9ce45aad72cde5f8a7208dbb00dd36/websockets-13.1-cp313-cp313-musllinux_1_2_x86_64.whl", hash = "sha256:70c5be9f416aa72aab7a2a76c90ae0a4fe2755c1816c153c1a2bcc3333ce4ce6", size = 164732, upload-time = "2024-09-21T17:33:23.103Z" },
    { url = "https://files.pythonhosted.org/packages/35/c6/12e3aab52c11aeb289e3dbbc05929e7a9d90d7a9173958477d3ef4f8ce2d/websockets-13.1-cp313-cp313-win32.whl", hash = "sha256:624459daabeb310d3815b276c1adef475b3e6804abaf2d9d2c061c319f7f187d", size = 158709, upload-time = "2024-09-21T17:33:24.196Z" },
    { url = "https://files.pythonhosted.org/packages/41/d8/63d6194aae711d7263df4498200c690a9c39fb437ede10f3e157a6343e0d/websockets-13.1-cp313-cp313-win_amd64.whl", hash = "sha256:c518e84bb59c2baae725accd355c8dc517b4a3ed8db88b4bc93c78dae2974bf2", size = 159144, upload-time = "2024-09-21T17:33:25.96Z" },
    { url = "https://files.pythonhosted.org/packages/61/26/5f7a7fb03efedb4f90ed61968338bfe7c389863b0ceda239b94ae61c5ae4/websockets-13.1-cp39-cp39-macosx_10_9_universal2.whl", hash = "sha256:9b37c184f8b976f0c0a231a5f3d6efe10807d41ccbe4488df8c74174805eea7d", size = 157810, upload-time = "2024-09-21T17:33:40.94Z" },
    { url = "https://files.pythonhosted.org/packages/0e/d4/9b4814a07dffaa7a79d71b4944d10836f9adbd527a113f6675734ef3abed/websockets-13.1-cp39-cp39-macosx_10_9_x86_64.whl", hash = "sha256:163e7277e1a0bd9fb3c8842a71661ad19c6aa7bb3d6678dc7f89b17fbcc4aeb7", size = 155467, upload-time = "2024-09-21T17:33:42.075Z" },
    { url = "https://files.pythonhosted.org/packages/1a/1a/2abdc7ce3b56429ae39d6bfb48d8c791f5a26bbcb6f44aabcf71ffc3fda2/websockets-13.1-cp39-cp39-macosx_11_0_arm64.whl", hash = "sha256:4b889dbd1342820cc210ba44307cf75ae5f2f96226c0038094455a96e64fb07a", size = 155714, upload-time = "2024-09-21T17:33:43.128Z" },
    { url = "https://files.pythonhosted.org/packages/2a/98/189d7cf232753a719b2726ec55e7922522632248d5d830adf078e3f612be/websockets-13.1-cp39-cp39-manylinux_2_17_aarch64.manylinux2014_aarch64.whl", hash = "sha256:586a356928692c1fed0eca68b4d1c2cbbd1ca2acf2ac7e7ebd3b9052582deefa", size = 164587, upload-time = "2024-09-21T17:33:44.27Z" },
    { url = "https://files.pythonhosted.org/packages/a5/2b/fb77cedf3f9f55ef8605238c801eef6b9a5269b01a396875a86896aea3a6/websockets-13.1-cp39-cp39-manylinux_2_5_i686.manylinux1_i686.manylinux_2_17_i686.manylinux2014_i686.whl", hash = "sha256:7bd6abf1e070a6b72bfeb71049d6ad286852e285f146682bf30d0296f5fbadfa", size = 163588, upload-time = "2024-09-21T17:33:45.38Z" },
    { url = "https://files.pythonhosted.org/packages/a3/b7/070481b83d2d5ac0f19233d9f364294e224e6478b0762f07fa7f060e0619/websockets-13.1-cp39-cp39-manylinux_2_5_x86_64.manylinux1_x86_64.manylinux_2_17_x86_64.manylinux2014_x86_64.whl", hash = "sha256:6d2aad13a200e5934f5a6767492fb07151e1de1d6079c003ab31e1823733ae79", size = 163894, upload-time = "2024-09-21T17:33:46.651Z" },
    { url = "https://files.pythonhosted.org/packages/eb/be/d6e1cff7d441cfe5eafaacc5935463e5f14c8b1c0d39cb8afde82709b55a/websockets-13.1-cp39-cp39-musllinux_1_2_aarch64.whl", hash = "sha256:df01aea34b6e9e33572c35cd16bae5a47785e7d5c8cb2b54b2acdb9678315a17", size = 164315, upload-time = "2024-09-21T17:33:48.432Z" },
    { url = "https://files.pythonhosted.org/packages/8b/5e/ffa234473e46ab2d3f9fd9858163d5db3ecea1439e4cb52966d78906424b/websockets-13.1-cp39-cp39-musllinux_1_2_i686.whl", hash = "sha256:e54affdeb21026329fb0744ad187cf812f7d3c2aa702a5edb562b325191fcab6", size = 163714, upload-time = "2024-09-21T17:33:49.548Z" },
    { url = "https://files.pythonhosted.org/packages/cc/92/cea9eb9d381ca57065a5eb4ec2ce7a291bd96c85ce742915c3c9ffc1069f/websockets-13.1-cp39-cp39-musllinux_1_2_x86_64.whl", hash = "sha256:9ef8aa8bdbac47f4968a5d66462a2a0935d044bf35c0e5a8af152d58516dbeb5", size = 163673, upload-time = "2024-09-21T17:33:51.056Z" },
    { url = "https://files.pythonhosted.org/packages/a4/f1/279104fff239bfd04c12b1e58afea227d72fd1acf431e3eed3f6ac2c96d2/websockets-13.1-cp39-cp39-win32.whl", hash = "sha256:deeb929efe52bed518f6eb2ddc00cc496366a14c726005726ad62c2dd9017a3c", size = 158702, upload-time = "2024-09-21T17:33:52.584Z" },
    { url = "https://files.pythonhosted.org/packages/25/0b/b87370ff141375c41f7dd67941728e4b3682ebb45882591516c792a2ebee/websockets-13.1-cp39-cp39-win_amd64.whl", hash = "sha256:7c65ffa900e7cc958cd088b9a9157a8141c991f8c53d11087e6fb7277a03f81d", size = 159146, upload-time = "2024-09-21T17:33:53.781Z" },
    { url = "https://files.pythonhosted.org/packages/2d/75/6da22cb3ad5b8c606963f9a5f9f88656256fecc29d420b4b2bf9e0c7d56f/websockets-13.1-pp310-pypy310_pp73-macosx_10_15_x86_64.whl", hash = "sha256:5dd6da9bec02735931fccec99d97c29f47cc61f644264eb995ad6c0c27667238", size = 155499, upload-time = "2024-09-21T17:33:54.917Z" },
    { url = "https://files.pythonhosted.org/packages/c0/ba/22833d58629088fcb2ccccedfae725ac0bbcd713319629e97125b52ac681/websockets-13.1-pp310-pypy310_pp73-macosx_11_0_arm64.whl", hash = "sha256:2510c09d8e8df777177ee3d40cd35450dc169a81e747455cc4197e63f7e7bfe5", size = 155737, upload-time = "2024-09-21T17:33:56.052Z" },
    { url = "https://files.pythonhosted.org/packages/95/54/61684fe22bdb831e9e1843d972adadf359cf04ab8613285282baea6a24bb/websockets-13.1-pp310-pypy310_pp73-manylinux_2_17_aarch64.manylinux2014_aarch64.whl", hash = "sha256:f1c3cf67185543730888b20682fb186fc8d0fa6f07ccc3ef4390831ab4b388d9", size = 157095, upload-time = "2024-09-21T17:33:57.21Z" },
    { url = "https://files.pythonhosted.org/packages/fc/f5/6652fb82440813822022a9301a30afde85e5ff3fb2aebb77f34aabe2b4e8/websockets-13.1-pp310-pypy310_pp73-manylinux_2_5_i686.manylinux1_i686.manylinux_2_17_i686.manylinux2014_i686.whl", hash = "sha256:bcc03c8b72267e97b49149e4863d57c2d77f13fae12066622dc78fe322490fe6", size = 156701, upload-time = "2024-09-21T17:33:59.061Z" },
    { url = "https://files.pythonhosted.org/packages/67/33/ae82a7b860fa8a08aba68818bdf7ff61f04598aa5ab96df4cd5a3e418ca4/websockets-13.1-pp310-pypy310_pp73-manylinux_2_5_x86_64.manylinux1_x86_64.manylinux_2_17_x86_64.manylinux2014_x86_64.whl", hash = "sha256:004280a140f220c812e65f36944a9ca92d766b6cc4560be652a0a3883a79ed8a", size = 156654, upload-time = "2024-09-21T17:34:00.944Z" },
    { url = "https://files.pythonhosted.org/packages/63/0b/a1b528d36934f833e20f6da1032b995bf093d55cb416b9f2266f229fb237/websockets-13.1-pp310-pypy310_pp73-win_amd64.whl", hash = "sha256:e2620453c075abeb0daa949a292e19f56de518988e079c36478bacf9546ced23", size = 159192, upload-time = "2024-09-21T17:34:02.656Z" },
    { url = "https://files.pythonhosted.org/packages/59/fd/e4bf9a7159dba6a16c59ae9e670e3e8ad9dcb6791bc0599eb86de32d50a9/websockets-13.1-pp39-pypy39_pp73-macosx_10_15_x86_64.whl", hash = "sha256:25c35bf84bf7c7369d247f0b8cfa157f989862c49104c5cf85cb5436a641d93e", size = 155499, upload-time = "2024-09-21T17:34:11.3Z" },
    { url = "https://files.pythonhosted.org/packages/74/42/d48ede93cfe0c343f3b552af08efc60778d234989227b16882eed1b8b189/websockets-13.1-pp39-pypy39_pp73-macosx_11_0_arm64.whl", hash = "sha256:83f91d8a9bb404b8c2c41a707ac7f7f75b9442a0a876df295de27251a856ad09", size = 155731, upload-time = "2024-09-21T17:34:13.151Z" },
    { url = "https://files.pythonhosted.org/packages/f6/f2/2ef6bff1c90a43b80622a17c0852b48c09d3954ab169266ad7b15e17cdcb/websockets-13.1-pp39-pypy39_pp73-manylinux_2_17_aarch64.manylinux2014_aarch64.whl", hash = "sha256:7a43cfdcddd07f4ca2b1afb459824dd3c6d53a51410636a2c7fc97b9a8cf4842", size = 157093, upload-time = "2024-09-21T17:34:14.52Z" },
    { url = "https://files.pythonhosted.org/packages/d1/14/6f20bbaeeb350f155edf599aad949c554216f90e5d4ae7373d1f2e5931fb/websockets-13.1-pp39-pypy39_pp73-manylinux_2_5_i686.manylinux1_i686.manylinux_2_17_i686.manylinux2014_i686.whl", hash = "sha256:48a2ef1381632a2f0cb4efeff34efa97901c9fbc118e01951ad7cfc10601a9bb", size = 156701, upload-time = "2024-09-21T17:34:15.692Z" },
    { url = "https://files.pythonhosted.org/packages/c7/86/38279dfefecd035e22b79c38722d4f87c4b6196f1556b7a631d0a3095ca7/websockets-13.1-pp39-pypy39_pp73-manylinux_2_5_x86_64.manylinux1_x86_64.manylinux_2_17_x86_64.manylinux2014_x86_64.whl", hash = "sha256:459bf774c754c35dbb487360b12c5727adab887f1622b8aed5755880a21c4a20", size = 156649, upload-time = "2024-09-21T17:34:17.335Z" },
    { url = "https://files.pythonhosted.org/packages/f6/c5/12c6859a2eaa8c53f59a647617a27f1835a226cd7106c601067c53251d98/websockets-13.1-pp39-pypy39_pp73-win_amd64.whl", hash = "sha256:95858ca14a9f6fa8413d29e0a585b31b278388aa775b8a81fa24830123874678", size = 159187, upload-time = "2024-09-21T17:34:18.538Z" },
    { url = "https://files.pythonhosted.org/packages/56/27/96a5cd2626d11c8280656c6c71d8ab50fe006490ef9971ccd154e0c42cd2/websockets-13.1-py3-none-any.whl", hash = "sha256:a9a396a6ad26130cdae92ae10c36af09d9bfe6cafe69670fd3b6da9b07b4044f", size = 152134, upload-time = "2024-09-21T17:34:19.904Z" },
]
